
Microsoft Visual Studio Solution File, Format Version 12.00
# Visual Studio Version 16
VisualStudioVersion = 16.0.32126.315
MinimumVisualStudioVersion = 10.0.40219.1
Project("{FAE04EC0-301F-11D3-BF4B-00C04F79EFBC}") = "ConsoleApp№4", "ConsoleApp№4\ConsoleApp№4.csproj", "{D5E68F01-27F3-4F09-9729-49A200FDE8FF}"
EndProject
Global
	GlobalSection(SolutionConfigurationPlatforms) = preSolution
		Debug|Any CPU = Debug|Any CPU
		Release|Any CPU = Release|Any CPU
	EndGlobalSection
	GlobalSection(ProjectConfigurationPlatforms) = postSolution
		{D5E68F01-27F3-4F09-9729-49A200FDE8FF}.Debug|Any CPU.ActiveCfg = Debug|Any CPU
		{D5E68F01-27F3-4F09-9729-49A200FDE8FF}.Debug|Any CPU.Build.0 = Debug|Any CPU
		{D5E68F01-27F3-4F09-9729-49A200FDE8FF}.Release|Any CPU.ActiveCfg = Release|Any CPU
		{D5E68F01-27F3-4F09-9729-49A200FDE8FF}.Release|Any CPU.Build.0 = Release|Any CPU
	EndGlobalSection
	GlobalSection(SolutionProperties) = preSolution
		HideSolutionNode = FALSE
	EndGlobalSection
	GlobalSection(ExtensibilityGlobals) = postSolution
		SolutionGuid = {26EADC32-167E-4A4B-BA40-037F6C53C2A5}
	EndGlobalSection
EndGlobal
